
Microsoft Visual Studio Solution File, Format Version 12.00
# Visual Studio 14
VisualStudioVersion = 14.0.24720.0
MinimumVisualStudioVersion = 10.0.40219.1
Project("{2150E333-8FDC-42A3-9474-1A3956D46DE8}") = "src", "src", "{4FEF8D93-9DD5-4CC3-9838-BE48AA9CA4BA}"
EndProject
Project("{2150E333-8FDC-42A3-9474-1A3956D46DE8}") = "Solution Items", "Solution Items", "{34675F55-8FDC-4DF1-A1C4-CD9BF09E4C84}"
	ProjectSection(SolutionItems) = preProject
		global.json = global.json
	EndProjectSection
EndProject
Project("{8BB2217D-0F2D-49D1-97BC-3654ED321F3B}") = "MeetupDemo", "src\MeetupDemo\MeetupDemo.xproj", "{C27412F3-6FC5-478D-8766-4D8612C31BD3}"
EndProject
Global
	GlobalSection(SolutionConfigurationPlatforms) = preSolution
		Debug|Any CPU = Debug|Any CPU
		Release|Any CPU = Release|Any CPU
	EndGlobalSection
	GlobalSection(ProjectConfigurationPlatforms) = postSolution
		{C27412F3-6FC5-478D-8766-4D8612C31BD3}.Debug|Any CPU.ActiveCfg = Debug|Any CPU
		{C27412F3-6FC5-478D-8766-4D8612C31BD3}.Debug|Any CPU.Build.0 = Debug|Any CPU
		{C27412F3-6FC5-478D-8766-4D8612C31BD3}.Release|Any CPU.ActiveCfg = Release|Any CPU
		{C27412F3-6FC5-478D-8766-4D8612C31BD3}.Release|Any CPU.Build.0 = Release|Any CPU
	EndGlobalSection
	GlobalSection(SolutionProperties) = preSolution
		HideSolutionNode = FALSE
	EndGlobalSection
	GlobalSection(NestedProjects) = preSolution
		{C27412F3-6FC5-478D-8766-4D8612C31BD3} = {4FEF8D93-9DD5-4CC3-9838-BE48AA9CA4BA}
	EndGlobalSection
EndGlobal
